
Microsoft Visual Studio Solution File, Format Version 12.00
# Visual Studio Version 17
VisualStudioVersion = 17.7.34031.279
MinimumVisualStudioVersion = 10.0.40219.1
Project("{FAE04EC0-301F-11D3-BF4B-00C04F79EFBC}") = "3.6 Домашнее задание", "3.6 Домашнее задание\3.6 Домашнее задание.csproj", "{F97F5D06-059B-44B3-860F-267FE1095EBD}"
EndProject
Global
	GlobalSection(SolutionConfigurationPlatforms) = preSolution
		Debug|Any CPU = Debug|Any CPU
		Release|Any CPU = Release|Any CPU
	EndGlobalSection
	GlobalSection(ProjectConfigurationPlatforms) = postSolution
		{F97F5D06-059B-44B3-860F-267FE1095EBD}.Debug|Any CPU.ActiveCfg = Debug|Any CPU
		{F97F5D06-059B-44B3-860F-267FE1095EBD}.Debug|Any CPU.Build.0 = Debug|Any CPU
		{F97F5D06-059B-44B3-860F-267FE1095EBD}.Release|Any CPU.ActiveCfg = Release|Any CPU
		{F97F5D06-059B-44B3-860F-267FE1095EBD}.Release|Any CPU.Build.0 = Release|Any CPU
	EndGlobalSection
	GlobalSection(SolutionProperties) = preSolution
		HideSolutionNode = FALSE
	EndGlobalSection
	GlobalSection(ExtensibilityGlobals) = postSolution
		SolutionGuid = {B1AA6698-1F62-4813-9805-E2D9C2A583D7}
	EndGlobalSection
EndGlobal
